
Microsoft Visual Studio Solution File, Format Version 12.00
# Visual Studio Version 16
VisualStudioVersion = 16.0.30011.22
MinimumVisualStudioVersion = 10.0.40219.1
Project("{8BC9CEB8-8B4A-11D0-8D11-00A0C91BC942}") = "WarehouseProject", "WarehouseProject\WarehouseProject.vcxproj", "{14BEAFEB-A367-4849-A619-FEEB4015EACA}"
EndProject
Global
	GlobalSection(SolutionConfigurationPlatforms) = preSolution
		Debug|x64 = Debug|x64
		Debug|x86 = Debug|x86
		Release|x64 = Release|x64
		Release|x86 = Release|x86
	EndGlobalSection
	GlobalSection(ProjectConfigurationPlatforms) = postSolution
		{14BEAFEB-A367-4849-A619-FEEB4015EACA}.Debug|x64.ActiveCfg = Debug|x64
		{14BEAFEB-A367-4849-A619-FEEB4015EACA}.Debug|x64.Build.0 = Debug|x64
		{14BEAFEB-A367-4849-A619-FEEB4015EACA}.Debug|x86.ActiveCfg = Debug|Win32
		{14BEAFEB-A367-4849-A619-FEEB4015EACA}.Debug|x86.Build.0 = Debug|Win32
		{14BEAFEB-A367-4849-A619-FEEB4015EACA}.Release|x64.ActiveCfg = Release|x64
		{14BEAFEB-A367-4849-A619-FEEB4015EACA}.Release|x64.Build.0 = Release|x64
		{14BEAFEB-A367-4849-A619-FEEB4015EACA}.Release|x86.ActiveCfg = Release|Win32
		{14BEAFEB-A367-4849-A619-FEEB4015EACA}.Release|x86.Build.0 = Release|Win32
	EndGlobalSection
	GlobalSection(SolutionProperties) = preSolution
		HideSolutionNode = FALSE
	EndGlobalSection
	GlobalSection(ExtensibilityGlobals) = postSolution
		SolutionGuid = {C42BD191-F7AB-4E25-9C3B-B53E33D27253}
	EndGlobalSection
EndGlobal
